
Microsoft Visual Studio Solution File, Format Version 12.00
# Visual Studio Version 16
VisualStudioVersion = 16.0.29709.97
MinimumVisualStudioVersion = 10.0.40219.1
Project("{FAE04EC0-301F-11D3-BF4B-00C04F79EFBC}") = "DevOpsAuditLogForwarder", "DevOpsAuditLogForwarder\DevOpsAuditLogForwarder.csproj", "{824E1EA6-E376-4655-8E1E-E22063450400}"
EndProject
Global
	GlobalSection(SolutionConfigurationPlatforms) = preSolution
		Debug|Any CPU = Debug|Any CPU
		Release|Any CPU = Release|Any CPU
	EndGlobalSection
	GlobalSection(ProjectConfigurationPlatforms) = postSolution
		{824E1EA6-E376-4655-8E1E-E22063450400}.Debug|Any CPU.ActiveCfg = Debug|Any CPU
		{824E1EA6-E376-4655-8E1E-E22063450400}.Debug|Any CPU.Build.0 = Debug|Any CPU
		{824E1EA6-E376-4655-8E1E-E22063450400}.Release|Any CPU.ActiveCfg = Release|Any CPU
		{824E1EA6-E376-4655-8E1E-E22063450400}.Release|Any CPU.Build.0 = Release|Any CPU
	EndGlobalSection
	GlobalSection(SolutionProperties) = preSolution
		HideSolutionNode = FALSE
	EndGlobalSection
	GlobalSection(ExtensibilityGlobals) = postSolution
		SolutionGuid = {A52791AE-6011-45E0-95FA-E296BA8F5045}
	EndGlobalSection
EndGlobal
